// !$*UTF8*$!
{
	archiveVersion = 1;
	classes = {
	};
	objectVersion = 46;
	objects = {

/* Begin PBXBuildFile section */
		6F40CB741BCFF0AF000F5D57 /* AppDelegate.swift in Sources */ = {isa = PBXBuildFile; fileRef = 6F40CB731BCFF0AF000F5D57 /* AppDelegate.swift */; };
		6F40CB761BCFF0AF000F5D57 /* ViewController.swift in Sources */ = {isa = PBXBuildFile; fileRef = 6F40CB751BCFF0AF000F5D57 /* ViewController.swift */; };
		6F40CB791BCFF0AF000F5D57 /* Main.storyboard in Resources */ = {isa = PBXBuildFile; fileRef = 6F40CB771BCFF0AF000F5D57 /* Main.storyboard */; };
		6F40CB7B1BCFF0AF000F5D57 /* Assets.xcassets in Resources */ = {isa = PBXBuildFile; fileRef = 6F40CB7A1BCFF0AF000F5D57 /* Assets.xcassets */; };
		6F40CB7E1BCFF0AF000F5D57 /* LaunchScreen.storyboard in Resources */ = {isa = PBXBuildFile; fileRef = 6F40CB7C1BCFF0AF000F5D57 /* LaunchScreen.storyboard */; };
		6F40CB961BD02CF5000F5D57 /* event.swift in Sources */ = {isa = PBXBuildFile; fileRef = 6F40CB951BD02CF5000F5D57 /* event.swift */; settings = {ASSET_TAGS = (); }; };
		6F40CB9A1BD02F6B000F5D57 /* AddEventViewController.swift in Sources */ = {isa = PBXBuildFile; fileRef = 6F40CB991BD02F6B000F5D57 /* AddEventViewController.swift */; settings = {ASSET_TAGS = (); }; };
		6F40CB9E1BD0304D000F5D57 /* EventsViewController.swift in Sources */ = {isa = PBXBuildFile; fileRef = 6F40CB9D1BD0304D000F5D57 /* EventsViewController.swift */; settings = {ASSET_TAGS = (); }; };
/* End PBXBuildFile section */

/* Begin PBXFileReference section */
		6F40CB701BCFF0AE000F5D57 /* TableViewCalendar.app */ = {isa = PBXFileReference; explicitFileType = wrapper.application; includeInIndex = 0; path = TableViewCalendar.app; sourceTree = BUILT_PRODUCTS_DIR; };
		6F40CB731BCFF0AF000F5D57 /* AppDelegate.swift */ = {isa = PBXFileReference; lastKnownFileType = sourcecode.swift; path = AppDelegate.swift; sourceTree = "<group>"; };
		6F40CB751BCFF0AF000F5D57 /* ViewController.swift */ = {isa = PBXFileReference; lastKnownFileType = sourcecode.swift; path = ViewController.swift; sourceTree = "<group>"; };
		6F40CB781BCFF0AF000F5D57 /* Base */ = {isa = PBXFileReference; lastKnownFileType = file.storyboard; name = Base; path = Base.lproj/Main.storyboard; sourceTree = "<group>"; };
		6F40CB7A1BCFF0AF000F5D57 /* Assets.xcassets */ = {isa = PBXFileReference; lastKnownFileType = folder.assetcatalog; path = Assets.xcassets; sourceTree = "<group>"; };
		6F40CB7D1BCFF0AF000F5D57 /* Base */ = {isa = PBXFileReference; lastKnownFileType = file.storyboard; name = Base; path = Base.lproj/LaunchScreen.storyboard; sourceTree = "<group>"; };
		6F40CB7F1BCFF0AF000F5D57 /* Info.plist */ = {isa = PBXFileReference; lastKnownFileType = text.plist.xml; path = Info.plist; sourceTree = "<group>"; };
		6F40CB951BD02CF5000F5D57 /* event.swift */ = {isa = PBXFileReference; fileEncoding = 4; lastKnownFileType = sourcecode.swift; path = event.swift; sourceTree = "<group>"; };
		6F40CB991BD02F6B000F5D57 /* AddEventViewController.swift */ = {isa = PBXFileReference; fileEncoding = 4; lastKnownFileType = sourcecode.swift; path = AddEventViewController.swift; sourceTree = "<group>"; };
		6F40CB9D1BD0304D000F5D57 /* EventsViewController.swift */ = {isa = PBXFileReference; fileEncoding = 4; lastKnownFileType = sourcecode.swift; name = EventsViewController.swift; path = ../EventsViewController.swift; sourceTree = "<group>"; };
/* End PBXFileReference section */

/* Begin PBXFrameworksBuildPhase section */
		6F40CB6D1BCFF0AE000F5D57 /* Frameworks */ = {
			isa = PBXFrameworksBuildPhase;
			buildActionMask = 2147483647;
			files = (
			);
			runOnlyForDeploymentPostprocessing = 0;
		};
/* End PBXFrameworksBuildPhase section */

/* Begin PBXGroup section */
		6F40CB671BCFF0AE000F5D57 = {
			isa = PBXGroup;
			children = (
				6F40CB721BCFF0AE000F5D57 /* TableViewCalendar */,
				6F40CB711BCFF0AE000F5D57 /* Products */,
			);
			sourceTree = "<group>";
		};
		6F40CB711BCFF0AE000F5D57 /* Products */ = {
			isa = PBXGroup;
			children = (
				6F40CB701BCFF0AE000F5D57 /* TableViewCalendar.app */,
			);
			name = Products;
			sourceTree = "<group>";
		};
		6F40CB721BCFF0AE000F5D57 /* TableViewCalendar */ = {
			isa = PBXGroup;
			children = (
				6F40CB731BCFF0AF000F5D57 /* AppDelegate.swift */,
				6F40CB751BCFF0AF000F5D57 /* ViewController.swift */,
				6F40CB771BCFF0AF000F5D57 /* Main.storyboard */,
				6F40CB951BD02CF5000F5D57 /* event.swift */,
				6F40CB9D1BD0304D000F5D57 /* EventsViewController.swift */,
				6F40CB991BD02F6B000F5D57 /* AddEventViewController.swift */,
				6F40CB7A1BCFF0AF000F5D57 /* Assets.xcassets */,
				6F40CB7C1BCFF0AF000F5D57 /* LaunchScreen.storyboard */,
				6F40CB7F1BCFF0AF000F5D57 /* Info.plist */,
			);
			path = TableViewCalendar;
			sourceTree = "<group>";
		};
/* End PBXGroup section */

/* Begin PBXNativeTarget section */
		6F40CB6F1BCFF0AE000F5D57 /* TableViewCalendar */ = {
			isa = PBXNativeTarget;
			buildConfigurationList = 6F40CB821BCFF0AF000F5D57 /* Build configuration list for PBXNativeTarget "TableViewCalendar" */;
			buildPhases = (
				6F40CB6C1BCFF0AE000F5D57 /* Sources */,
				6F40CB6D1BCFF0AE000F5D57 /* Frameworks */,
				6F40CB6E1BCFF0AE000F5D57 /* Resources */,
			);
			buildRules = (
			);
			dependencies = (
			);
			name = TableViewCalendar;
			productName = TableViewCalendar;
			productReference = 6F40CB701BCFF0AE000F5D57 /* TableViewCalendar.app */;
			productType = "com.apple.product-type.application";
		};
/* End PBXNativeTarget section */

/* Begin PBXProject section */
		6F40CB681BCFF0AE000F5D57 /* Project object */ = {
			isa = PBXProject;
			attributes = {
				LastUpgradeCheck = 0700;
				ORGANIZATIONNAME = "Yanting Cao";
				TargetAttributes = {
					6F40CB6F1BCFF0AE000F5D57 = {
						CreatedOnToolsVersion = 7.0.1;
					};
				};
			};
			buildConfigurationList = 6F40CB6B1BCFF0AE000F5D57 /* Build configuration list for PBXProject "TableViewCalendar" */;
			compatibilityVersion = "Xcode 3.2";
			developmentRegion = English;
			hasScannedForEncodings = 0;
			knownRegions = (
				en,
				Base,
			);
			mainGroup = 6F40CB671BCFF0AE000F5D57;
			productRefGroup = 6F40CB711BCFF0AE000F5D57 /* Products */;
			projectDirPath = "";
			projectRoot = "";
			targets = (
				6F40CB6F1BCFF0AE000F5D57 /* TableViewCalendar */,
			);
		};
/* End PBXProject section */

/* Begin PBXResourcesBuildPhase section */
		6F40CB6E1BCFF0AE000F5D57 /* Resources */ = {
			isa = PBXResourcesBuildPhase;
			buildActionMask = 2147483647;
			files = (
				6F40CB7E1BCFF0AF000F5D57 /* LaunchScreen.storyboard in Resources */,
				6F40CB7B1BCFF0AF000F5D57 /* Assets.xcassets in Resources */,
				6F40CB791BCFF0AF000F5D57 /* Main.storyboard in Resources */,
			);
			runOnlyForDeploymentPostprocessing = 0;
		};
/* End PBXResourcesBuildPhase section */

/* Begin PBXSourcesBuildPhase section */
		6F40CB6C1BCFF0AE000F5D57 /* Sources */ = {
			isa = PBXSourcesBuildPhase;
			buildActionMask = 2147483647;
			files = (
				6F40CB761BCFF0AF000F5D57 /* ViewController.swift in Sources */,
				6F40CB9A1BD02F6B000F5D57 /* AddEventViewController.swift in Sources */,
				6F40CB741BCFF0AF000F5D57 /* AppDelegate.swift in Sources */,
				6F40CB961BD02CF5000F5D57 /* event.swift in Sources */,
				6F40CB9E1BD0304D000F5D57 /* EventsViewController.swift in Sources */,
			);
			runOnlyForDeploymentPostprocessing = 0;
		};
/* End PBXSourcesBuildPhase section */

/* Begin PBXVariantGroup section */
		6F40CB771BCFF0AF000F5D57 /* Main.storyboard */ = {
			isa = PBXVariantGroup;
			children = (
				6F40CB781BCFF0AF000F5D57 /* Base */,
			);
			name = Main.storyboard;
			sourceTree = "<group>";
		};
		6F40CB7C1BCFF0AF000F5D57 /* LaunchScreen.storyboard */ = {
			isa = PBXVariantGroup;
			children = (
				6F40CB7D1BCFF0AF000F5D57 /* Base */,
			);
			name = LaunchScreen.storyboard;
			sourceTree = "<group>";
		};
/* End PBXVariantGroup section */

/* Begin XCBuildConfiguration section */
		6F40CB801BCFF0AF000F5D57 /* Debug */ = {
			isa = XCBuildConfiguration;
			buildSettings = {
				ALWAYS_SEARCH_USER_PATHS = NO;
				CLANG_CXX_LANGUAGE_STANDARD = "gnu++0x";
				CLANG_CXX_LIBRARY = "libc++";
				CLANG_ENABLE_MODULES = YES;
				CLANG_ENABLE_OBJC_ARC = YES;
				CLANG_WARN_BOOL_CONVERSION = YES;
				CLANG_WARN_CONSTANT_CONVERSION = YES;
				CLANG_WARN_DIRECT_OBJC_ISA_USAGE = YES_ERROR;
				CLANG_WARN_EMPTY_BODY = YES;
				CLANG_WARN_ENUM_CONVERSION = YES;
				CLANG_WARN_INT_CONVERSION = YES;
				CLANG_WARN_OBJC_ROOT_CLASS = YES_ERROR;
				CLANG_WARN_UNREACHABLE_CODE = YES;
				CLANG_WARN__DUPLICATE_METHOD_MATCH = YES;
				"CODE_SIGN_IDENTITY[sdk=iphoneos*]" = "iPhone Developer";
				COPY_PHASE_STRIP = NO;
				DEBUG_INFORMATION_FORMAT = dwarf;
				ENABLE_STRICT_OBJC_MSGSEND = YES;
				ENABLE_TESTABILITY = YES;
				GCC_C_LANGUAGE_STANDARD = gnu99;
				GCC_DYNAMIC_NO_PIC = NO;
				GCC_NO_COMMON_BLOCKS = YES;
				GCC_OPTIMIZATION_LEVEL = 0;
				GCC_PREPROCESSOR_DEFINITIONS = (
					"DEBUG=1",
					"$(inherited)",
				);
				GCC_WARN_64_TO_32_BIT_CONVERSION = YES;
				GCC_WARN_ABOUT_RETURN_TYPE = YES_ERROR;
				GCC_WARN_UNDECLARED_SELECTOR = YES;
				GCC_WARN_UNINITIALIZED_AUTOS = YES_AGGRESSIVE;
				GCC_WARN_UNUSED_FUNCTION = YES;
				GCC_WARN_UNUSED_VARIABLE = YES;
				IPHONEOS_DEPLOYMENT_TARGET = 9.0;
				MTL_ENABLE_DEBUG_INFO = YES;
				ONLY_ACTIVE_ARCH = YES;
				SDKROOT = iphoneos;
				SWIFT_OPTIMIZATION_LEVEL = "-Onone";
			};
			name = Debug;
		};
		6F40CB811BCFF0AF000F5D57 /* Release */ = {
			isa = XCBuildConfiguration;
			buildSettings = {
				ALWAYS_SEARCH_USER_PATHS = NO;
				CLANG_CXX_LANGUAGE_STANDARD = "gnu++0x";
				CLANG_CXX_LIBRARY = "libc++";
				CLANG_ENABLE_MODULES = YES;
				CLANG_ENABLE_OBJC_ARC = YES;
				CLANG_WARN_BOOL_CONVERSION = YES;
				CLANG_WARN_CONSTANT_CONVERSION = YES;
				CLANG_WARN_DIRECT_OBJC_ISA_USAGE = YES_ERROR;
				CLANG_WARN_EMPTY_BODY = YES;
				CLANG_WARN_ENUM_CONVERSION = YES;
				CLANG_WARN_INT_CONVERSION = YES;
				CLANG_WARN_OBJC_ROOT_CLASS = YES_ERROR;
				CLANG_WARN_UNREACHABLE_CODE = YES;
				CLANG_WARN__DUPLICATE_METHOD_MATCH = YES;
				"CODE_SIGN_IDENTITY[sdk=iphoneos*]" = "iPhone Developer";
				COPY_PHASE_STRIP = NO;
				DEBUG_INFORMATION_FORMAT = "dwarf-with-dsym";
				ENABLE_NS_ASSERTIONS = NO;
				ENABLE_STRICT_OBJC_MSGSEND = YES;
				GCC_C_LANGUAGE_STANDARD = gnu99;
				GCC_NO_COMMON_BLOCKS = YES;
				GCC_WARN_64_TO_32_BIT_CONVERSION = YES;
				GCC_WARN_ABOUT_RETURN_TYPE = YES_ERROR;
				GCC_WARN_UNDECLARED_SELECTOR = YES;
				GCC_WARN_UNINITIALIZED_AUTOS = YES_AGGRESSIVE;
				GCC_WARN_UNUSED_FUNCTION = YES;
				GCC_WARN_UNUSED_VARIABLE = YES;
				IPHONEOS_DEPLOYMENT_TARGET = 9.0;
				MTL_ENABLE_DEBUG_INFO = NO;
				SDKROOT = iphoneos;
				VALIDATE_PRODUCT = YES;
			};
			name = Release;
		};
		6F40CB831BCFF0AF000F5D57 /* Debug */ = {
			isa = XCBuildConfiguration;
			buildSettings = {
				ASSETCATALOG_COMPILER_APPICON_NAME = AppIcon;
				INFOPLIST_FILE = TableViewCalendar/Info.plist;
				LD_RUNPATH_SEARCH_PATHS = "$(inherited) @executable_path/Frameworks";
				PRODUCT_BUNDLE_IDENTIFIER = com.achin.TableViewCalendar;
				PRODUCT_NAME = "$(TARGET_NAME)";
			};
			name = Debug;
		};
		6F40CB841BCFF0AF000F5D57 /* Release */ = {
			isa = XCBuildConfiguration;
			buildSettings = {
				ASSETCATALOG_COMPILER_APPICON_NAME = AppIcon;
				INFOPLIST_FILE = TableViewCalendar/Info.plist;
				LD_RUNPATH_SEARCH_PATHS = "$(inherited) @executable_path/Frameworks";
				PRODUCT_BUNDLE_IDENTIFIER = com.achin.TableViewCalendar;
				PRODUCT_NAME = "$(TARGET_NAME)";
			};
			name = Release;
		};
/* End XCBuildConfiguration section */

/* Begin XCConfigurationList section */
		6F40CB6B1BCFF0AE000F5D57 /* Build configuration list for PBXProject "TableViewCalendar" */ = {
			isa = XCConfigurationList;
			buildConfigurations = (
				6F40CB801BCFF0AF000F5D57 /* Debug */,
				6F40CB811BCFF0AF000F5D57 /* Release */,
			);
			defaultConfigurationIsVisible = 0;
			defaultConfigurationName = Release;
		};
		6F40CB821BCFF0AF000F5D57 /* Build configuration list for PBXNativeTarget "TableViewCalendar" */ = {
			isa = XCConfigurationList;
			buildConfigurations = (
				6F40CB831BCFF0AF000F5D57 /* Debug */,
				6F40CB841BCFF0AF000F5D57 /* Release */,
			);
			defaultConfigurationIsVisible = 0;
			defaultConfigurationName = Release;
		};
/* End XCConfigurationList section */
	};
	rootObject = 6F40CB681BCFF0AE000F5D57 /* Project object */;
}
